Microsoft Visual Studio Solution File, Format Version 12.00
# Visual Studio Version 17
VisualStudioVersion = 17.5.2.0
MinimumVisualStudioVersion = 10.0.40219.1
Project("{FAE04EC0-301F-11D3-BF4B-00C04F79EFBC}") = "GeZenti.Api", "GeZenti.Api\GeZenti.Api.csproj", "{4D2CC81B-A34D-1D06-F8F2-5913A0ED3BBC}"
EndProject
Global
	GlobalSection(SolutionConfigurationPlatforms) = preSolution
		Debug|Any CPU = Debug|Any CPU
		Release|Any CPU = Release|Any CPU
	EndGlobalSection
	GlobalSection(ProjectConfigurationPlatforms) = postSolution
		{4D2CC81B-A34D-1D06-F8F2-5913A0ED3BBC}.Debug|Any CPU.ActiveCfg = Debug|Any CPU
		{4D2CC81B-A34D-1D06-F8F2-5913A0ED3BBC}.Debug|Any CPU.Build.0 = Debug|Any CPU
		{4D2CC81B-A34D-1D06-F8F2-5913A0ED3BBC}.Release|Any CPU.ActiveCfg = Release|Any CPU
		{4D2CC81B-A34D-1D06-F8F2-5913A0ED3BBC}.Release|Any CPU.Build.0 = Release|Any CPU
	EndGlobalSection
	GlobalSection(SolutionProperties) = preSolution
		HideSolutionNode = FALSE
	EndGlobalSection
	GlobalSection(ExtensibilityGlobals) = postSolution
		SolutionGuid = {6C47D57F-8190-4A61-B4CD-BAC2621FCC44}
	EndGlobalSection
EndGlobal
